// !$*UTF8*$!
{
	archiveVersion = 1;
	classes = {
	};
	objectVersion = 46;
	objects = {

/* Begin PBXBuildFile section */
		490FE2131BA8E5DE008FB649 /* AirshipCore.h in Headers */ = {isa = PBXBuildFile; fileRef = 490FE2111BA8E5DE008FB649 /* AirshipCore.h */; };
		490FE2141BA8E5DE008FB649 /* AirshipCore.m in Sources */ = {isa = PBXBuildFile; fileRef = 490FE2121BA8E5DE008FB649 /* AirshipCore.m */; };
		492051431C0D176400A7B36D /* AirshipResources.bundle in Resources */ = {isa = PBXBuildFile; fileRef = 492051421C0D176400A7B36D /* AirshipResources.bundle */; };
		494DD95D1B0EB677009C134E /* AirshipKit.h in Headers */ = {isa = PBXBuildFile; fileRef = 494DD95C1B0EB677009C134E /* AirshipKit.h */; settings = {ATTRIBUTES = (Public, ); }; };
		494DDC261B0FD6A1009C134E /* libsqlite3.dylib in Frameworks */ = {isa = PBXBuildFile; fileRef = 494DDC251B0FD6A1009C134E /* libsqlite3.dylib */; };
		494DDC281B0FD6A6009C134E /* libz.dylib in Frameworks */ = {isa = PBXBuildFile; fileRef = 494DDC271B0FD6A6009C134E /* libz.dylib */; };
		49D5281D1B17DFE7006E35FB /* libUAirship-8.0.2.a in Frameworks */ = {isa = PBXBuildFile; fileRef = 49D5281C1B17DFE7006E35FB /* libUAirship-8.0.2.a */; };
/* End PBXBuildFile section */

/* Begin PBXFileReference section */
		490FE2111BA8E5DE008FB649 /* AirshipCore.h */ = {isa = PBXFileReference; fileEncoding = 4; lastKnownFileType = sourcecode.c.h; path = AirshipCore.h; sourceTree = "<group>"; };
		490FE2121BA8E5DE008FB649 /* AirshipCore.m */ = {isa = PBXFileReference; fileEncoding = 4; lastKnownFileType = sourcecode.c.objc; path = AirshipCore.m; sourceTree = "<group>"; };
		492051421C0D176400A7B36D /* AirshipResources.bundle */ = {isa = PBXFileReference; lastKnownFileType = "wrapper.plug-in"; name = AirshipResources.bundle; path = ../Airship/AirshipResources.bundle; sourceTree = "<group>"; };
		494DD9571B0EB677009C134E /* AirshipKit.framework */ = {isa = PBXFileReference; explicitFileType = wrapper.framework; includeInIndex = 0; path = AirshipKit.framework; sourceTree = BUILT_PRODUCTS_DIR; };
		494DD95B1B0EB677009C134E /* Info.plist */ = {isa = PBXFileReference; lastKnownFileType = text.plist.xml; path = Info.plist; sourceTree = "<group>"; };
		494DD95C1B0EB677009C134E /* AirshipKit.h */ = {isa = PBXFileReference; lastKnownFileType = sourcecode.c.h; path = AirshipKit.h; sourceTree = "<group>"; };
		494DDC251B0FD6A1009C134E /* libsqlite3.dylib */ = {isa = PBXFileReference; lastKnownFileType = "compiled.mach-o.dylib"; name = libsqlite3.dylib; path = usr/lib/libsqlite3.dylib; sourceTree = SDKROOT; };
		494DDC271B0FD6A6009C134E /* libz.dylib */ = {isa = PBXFileReference; lastKnownFileType = "compiled.mach-o.dylib"; name = libz.dylib; path = usr/lib/libz.dylib; sourceTree = SDKROOT; };
		49D5281C1B17DFE7006E35FB /* libUAirship-8.0.2.a */ = {isa = PBXFileReference; lastKnownFileType = archive.ar; name = "libUAirship-8.0.2.a"; path = "../Airship/libUAirship-8.0.2.a"; sourceTree = "<group>"; };
/* End PBXFileReference section */

/* Begin PBXFrameworksBuildPhase section */
		494DD9531B0EB677009C134E /* Frameworks */ = {
			isa = PBXFrameworksBuildPhase;
			buildActionMask = 2147483647;
			files = (
				494DDC281B0FD6A6009C134E /* libz.dylib in Frameworks */,
				494DDC261B0FD6A1009C134E /* libsqlite3.dylib in Frameworks */,
				49D5281D1B17DFE7006E35FB /* libUAirship-8.0.2.a in Frameworks */,
			);
			runOnlyForDeploymentPostprocessing = 0;
		};
/* End PBXFrameworksBuildPhase section */

/* Begin PBXGroup section */
		494DD94D1B0EB677009C134E = {
			isa = PBXGroup;
			children = (
				492051421C0D176400A7B36D /* AirshipResources.bundle */,
				49D5281C1B17DFE7006E35FB /* libUAirship-8.0.2.a */,
				494DDC271B0FD6A6009C134E /* libz.dylib */,
				494DDC251B0FD6A1009C134E /* libsqlite3.dylib */,
				494DD9591B0EB677009C134E /* AirshipKit */,
				494DD9581B0EB677009C134E /* Products */,
			);
			sourceTree = "<group>";
		};
		494DD9581B0EB677009C134E /* Products */ = {
			isa = PBXGroup;
			children = (
				494DD9571B0EB677009C134E /* AirshipKit.framework */,
			);
			name = Products;
			sourceTree = "<group>";
		};
		494DD9591B0EB677009C134E /* AirshipKit */ = {
			isa = PBXGroup;
			children = (
				490FE2111BA8E5DE008FB649 /* AirshipCore.h */,
				490FE2121BA8E5DE008FB649 /* AirshipCore.m */,
				494DD95C1B0EB677009C134E /* AirshipKit.h */,
				494DD95A1B0EB677009C134E /* Supporting Files */,
			);
			path = AirshipKit;
			sourceTree = "<group>";
		};
		494DD95A1B0EB677009C134E /* Supporting Files */ = {
			isa = PBXGroup;
			children = (
				494DD95B1B0EB677009C134E /* Info.plist */,
			);
			name = "Supporting Files";
			sourceTree = "<group>";
		};
/* End PBXGroup section */

/* Begin PBXHeadersBuildPhase section */
		494DD9541B0EB677009C134E /* Headers */ = {
			isa = PBXHeadersBuildPhase;
			buildActionMask = 2147483647;
			files = (
				490FE2131BA8E5DE008FB649 /* AirshipCore.h in Headers */,
				494DD95D1B0EB677009C134E /* AirshipKit.h in Headers */,
			);
			runOnlyForDeploymentPostprocessing = 0;
		};
/* End PBXHeadersBuildPhase section */

/* Begin PBXNativeTarget section */
		494DD9561B0EB677009C134E /* AirshipKit */ = {
			isa = PBXNativeTarget;
			buildConfigurationList = 494DD96D1B0EB677009C134E /* Build configuration list for PBXNativeTarget "AirshipKit" */;
			buildPhases = (
				4997FA371B55D96D002D4E05 /* ShellScript */,
				494DD9521B0EB677009C134E /* Sources */,
				494DD9531B0EB677009C134E /* Frameworks */,
				494DD9541B0EB677009C134E /* Headers */,
				494DD9551B0EB677009C134E /* Resources */,
			);
			buildRules = (
			);
			dependencies = (
			);
			name = AirshipKit;
			productName = AirshipKit;
			productReference = 494DD9571B0EB677009C134E /* AirshipKit.framework */;
			productType = "com.apple.product-type.framework";
		};
/* End PBXNativeTarget section */

/* Begin PBXProject section */
		494DD94E1B0EB677009C134E /* Project object */ = {
			isa = PBXProject;
			attributes = {
				LastUpgradeCheck = 0630;
				ORGANIZATIONNAME = "Urban Airship";
				TargetAttributes = {
					494DD9561B0EB677009C134E = {
						CreatedOnToolsVersion = 6.3.1;
						DevelopmentTeam = PGJV57GD94;
						DevelopmentTeamName = "Urban Airship Inc.";
					};
				};
			};
			buildConfigurationList = 494DD9511B0EB677009C134E /* Build configuration list for PBXProject "AirshipKit" */;
			compatibilityVersion = "Xcode 3.2";
			developmentRegion = English;
			hasScannedForEncodings = 0;
			knownRegions = (
				en,
			);
			mainGroup = 494DD94D1B0EB677009C134E;
			productRefGroup = 494DD9581B0EB677009C134E /* Products */;
			projectDirPath = "";
			projectRoot = "";
			targets = (
				494DD9561B0EB677009C134E /* AirshipKit */,
			);
		};
/* End PBXProject section */

/* Begin PBXResourcesBuildPhase section */
		494DD9551B0EB677009C134E /* Resources */ = {
			isa = PBXResourcesBuildPhase;
			buildActionMask = 2147483647;
			files = (
				492051431C0D176400A7B36D /* AirshipResources.bundle in Resources */,
			);
			runOnlyForDeploymentPostprocessing = 0;
		};
/* End PBXResourcesBuildPhase section */

/* Begin PBXShellScriptBuildPhase section */
		4997FA371B55D96D002D4E05 /* ShellScript */ = {
			isa = PBXShellScriptBuildPhase;
			buildActionMask = 2147483647;
			files = (
			);
			inputPaths = (
			);
			outputPaths = (
			);
			runOnlyForDeploymentPostprocessing = 0;
			shellPath = /bin/sh;
			shellScript = "\"$SRCROOT/copy_header_imports.sh\"";
		};
/* End PBXShellScriptBuildPhase section */

/* Begin PBXSourcesBuildPhase section */
		494DD9521B0EB677009C134E /* Sources */ = {
			isa = PBXSourcesBuildPhase;
			buildActionMask = 2147483647;
			files = (
				490FE2141BA8E5DE008FB649 /* AirshipCore.m in Sources */,
			);
			runOnlyForDeploymentPostprocessing = 0;
		};
/* End PBXSourcesBuildPhase section */

/* Begin XCBuildConfiguration section */
		494DD96B1B0EB677009C134E /* Debug */ = {
			isa = XCBuildConfiguration;
			buildSettings = {
				ALWAYS_SEARCH_USER_PATHS = NO;
				ARCHS = (
					"$(ARCHS_STANDARD)",
					armv7s,
				);
				CLANG_CXX_LANGUAGE_STANDARD = "gnu++0x";
				CLANG_CXX_LIBRARY = "libc++";
				CLANG_ENABLE_MODULES = YES;
				CLANG_ENABLE_OBJC_ARC = YES;
				CLANG_WARN_BOOL_CONVERSION = YES;
				CLANG_WARN_CONSTANT_CONVERSION = YES;
				CLANG_WARN_DIRECT_OBJC_ISA_USAGE = YES_ERROR;
				CLANG_WARN_EMPTY_BODY = YES;
				CLANG_WARN_ENUM_CONVERSION = YES;
				CLANG_WARN_INT_CONVERSION = YES;
				CLANG_WARN_OBJC_ROOT_CLASS = YES_ERROR;
				CLANG_WARN_UNREACHABLE_CODE = YES;
				CLANG_WARN__DUPLICATE_METHOD_MATCH = YES;
				"CODE_SIGN_IDENTITY[sdk=iphoneos*]" = "iPhone Developer";
				COPY_PHASE_STRIP = NO;
				CURRENT_PROJECT_VERSION = 1;
				DEBUG_INFORMATION_FORMAT = "dwarf-with-dsym";
				ENABLE_STRICT_OBJC_MSGSEND = YES;
				GCC_C_LANGUAGE_STANDARD = gnu99;
				GCC_DYNAMIC_NO_PIC = NO;
				GCC_NO_COMMON_BLOCKS = YES;
				GCC_OPTIMIZATION_LEVEL = 0;
				GCC_PREPROCESSOR_DEFINITIONS = (
					"DEBUG=1",
					"$(inherited)",
				);
				GCC_SYMBOLS_PRIVATE_EXTERN = NO;
				GCC_WARN_64_TO_32_BIT_CONVERSION = YES;
				GCC_WARN_ABOUT_RETURN_TYPE = YES_ERROR;
				GCC_WARN_UNDECLARED_SELECTOR = YES;
				GCC_WARN_UNINITIALIZED_AUTOS = YES_AGGRESSIVE;
				GCC_WARN_UNUSED_FUNCTION = YES;
				GCC_WARN_UNUSED_VARIABLE = YES;
				IPHONEOS_DEPLOYMENT_TARGET = 8.3;
				MTL_ENABLE_DEBUG_INFO = YES;
				ONLY_ACTIVE_ARCH = YES;
				SDKROOT = iphoneos;
				TARGETED_DEVICE_FAMILY = "1,2";
				VALID_ARCHS = "arm64 armv7 armv7s x86_64 i386";
				VERSIONING_SYSTEM = "apple-generic";
				VERSION_INFO_PREFIX = "";
			};
			name = Debug;
		};
		494DD96C1B0EB677009C134E /* Release */ = {
			isa = XCBuildConfiguration;
			buildSettings = {
				ALWAYS_SEARCH_USER_PATHS = NO;
				ARCHS = (
					"$(ARCHS_STANDARD)",
					armv7s,
				);
				CLANG_CXX_LANGUAGE_STANDARD = "gnu++0x";
				CLANG_CXX_LIBRARY = "libc++";
				CLANG_ENABLE_MODULES = YES;
				CLANG_ENABLE_OBJC_ARC = YES;
				CLANG_WARN_BOOL_CONVERSION = YES;
				CLANG_WARN_CONSTANT_CONVERSION = YES;
				CLANG_WARN_DIRECT_OBJC_ISA_USAGE = YES_ERROR;
				CLANG_WARN_EMPTY_BODY = YES;
				CLANG_WARN_ENUM_CONVERSION = YES;
				CLANG_WARN_INT_CONVERSION = YES;
				CLANG_WARN_OBJC_ROOT_CLASS = YES_ERROR;
				CLANG_WARN_UNREACHABLE_CODE = YES;
				CLANG_WARN__DUPLICATE_METHOD_MATCH = YES;
				"CODE_SIGN_IDENTITY[sdk=iphoneos*]" = "iPhone Developer";
				COPY_PHASE_STRIP = NO;
				CURRENT_PROJECT_VERSION = 1;
				DEBUG_INFORMATION_FORMAT = "dwarf-with-dsym";
				ENABLE_NS_ASSERTIONS = NO;
				ENABLE_STRICT_OBJC_MSGSEND = YES;
				GCC_C_LANGUAGE_STANDARD = gnu99;
				GCC_NO_COMMON_BLOCKS = YES;
				GCC_WARN_64_TO_32_BIT_CONVERSION = YES;
				GCC_WARN_ABOUT_RETURN_TYPE = YES_ERROR;
				GCC_WARN_UNDECLARED_SELECTOR = YES;
				GCC_WARN_UNINITIALIZED_AUTOS = YES_AGGRESSIVE;
				GCC_WARN_UNUSED_FUNCTION = YES;
				GCC_WARN_UNUSED_VARIABLE = YES;
				IPHONEOS_DEPLOYMENT_TARGET = 8.3;
				MTL_ENABLE_DEBUG_INFO = NO;
				ONLY_ACTIVE_ARCH = YES;
				SDKROOT = iphoneos;
				TARGETED_DEVICE_FAMILY = "1,2";
				VALIDATE_PRODUCT = YES;
				VALID_ARCHS = "arm64 armv7 armv7s x86_64 i386";
				VERSIONING_SYSTEM = "apple-generic";
				VERSION_INFO_PREFIX = "";
			};
			name = Release;
		};
		494DD96E1B0EB677009C134E /* Debug */ = {
			isa = XCBuildConfiguration;
			buildSettings = {
				ARCHS = (
					"$(ARCHS_STANDARD)",
					armv7s,
				);
				DEFINES_MODULE = YES;
				DYLIB_COMPATIBILITY_VERSION = 1;
				DYLIB_CURRENT_VERSION = 1;
				DYLIB_INSTALL_NAME_BASE = "@rpath";
				INFOPLIST_FILE = AirshipKit/Info.plist;
				INSTALL_PATH = "$(LOCAL_LIBRARY_DIR)/Frameworks";
				LD_RUNPATH_SEARCH_PATHS = "$(inherited) @executable_path/Frameworks @loader_path/Frameworks";
				LIBRARY_SEARCH_PATHS = (
					"$(inherited)",
					../Airship/,
				);
				ONLY_ACTIVE_ARCH = YES;
				OTHER_LDFLAGS = (
					"-ObjC",
					"-weak_framework",
					PassKit,
				);
				PRODUCT_NAME = "$(TARGET_NAME)";
				SKIP_INSTALL = YES;
				VALID_ARCHS = "$(inherited)";
			};
			name = Debug;
		};
		494DD96F1B0EB677009C134E /* Release */ = {
			isa = XCBuildConfiguration;
			buildSettings = {
				ARCHS = (
					"$(ARCHS_STANDARD)",
					armv7s,
				);
				DEFINES_MODULE = YES;
				DYLIB_COMPATIBILITY_VERSION = 1;
				DYLIB_CURRENT_VERSION = 1;
				DYLIB_INSTALL_NAME_BASE = "@rpath";
				INFOPLIST_FILE = AirshipKit/Info.plist;
				INSTALL_PATH = "$(LOCAL_LIBRARY_DIR)/Frameworks";
				LD_RUNPATH_SEARCH_PATHS = "$(inherited) @executable_path/Frameworks @loader_path/Frameworks";
				LIBRARY_SEARCH_PATHS = (
					"$(inherited)",
					../Airship/,
				);
				ONLY_ACTIVE_ARCH = YES;
				OTHER_LDFLAGS = (
					"-ObjC",
					"-weak_framework",
					PassKit,
				);
				PRODUCT_NAME = "$(TARGET_NAME)";
				SKIP_INSTALL = YES;
				VALID_ARCHS = "$(inherited)";
			};
			name = Release;
		};
/* End XCBuildConfiguration section */

/* Begin XCConfigurationList section */
		494DD9511B0EB677009C134E /* Build configuration list for PBXProject "AirshipKit" */ = {
			isa = XCConfigurationList;
			buildConfigurations = (
				494DD96B1B0EB677009C134E /* Debug */,
				494DD96C1B0EB677009C134E /* Release */,
			);
			defaultConfigurationIsVisible = 0;
			defaultConfigurationName = Release;
		};
		494DD96D1B0EB677009C134E /* Build configuration list for PBXNativeTarget "AirshipKit" */ = {
			isa = XCConfigurationList;
			buildConfigurations = (
				494DD96E1B0EB677009C134E /* Debug */,
				494DD96F1B0EB677009C134E /* Release */,
			);
			defaultConfigurationIsVisible = 0;
			defaultConfigurationName = Release;
		};
/* End XCConfigurationList section */
	};
	rootObject = 494DD94E1B0EB677009C134E /* Project object */;
}
