// !$*UTF8*$!
{
	archiveVersion = 1;
	classes = {
	};
	objectVersion = 55;
	objects = {

/* Begin PBXBuildFile section */
		6E45411A291D6F4300AE084B /* AirshipBasement.framework in Frameworks */ = {isa = PBXBuildFile; fileRef = A6D41276288B02130030DB9E /* AirshipBasement.framework */; };
		6E45411B291D6F4300AE084B /* AirshipCore.framework in Frameworks */ = {isa = PBXBuildFile; fileRef = A6D4127C288B02130030DB9E /* AirshipCore.framework */; };
		6E45411C291D702D00AE084B /* AirshipConfig.plist in Resources */ = {isa = PBXBuildFile; fileRef = A61AC1F628AE265400C4B1BA /* AirshipConfig.plist */; };
		A6ADC0772829645F0082110B /* watchOSSample WatchKit App.app in Embed Watch Content */ = {isa = PBXBuildFile; fileRef = A6ADC0762829645F0082110B /* watchOSSample WatchKit App.app */; settings = {ATTRIBUTES = (RemoveHeadersOnCopy, ); }; };
		A6ADC07D2829645F0082110B /* Interface.storyboard in Resources */ = {isa = PBXBuildFile; fileRef = A6ADC07B2829645F0082110B /* Interface.storyboard */; };
		A6ADC07F282964620082110B /* Assets.xcassets in Resources */ = {isa = PBXBuildFile; fileRef = A6ADC07E282964620082110B /* Assets.xcassets */; };
		A6ADC085282964620082110B /* watchOSSample WatchKit Extension.appex in Embed App Extensions */ = {isa = PBXBuildFile; fileRef = A6ADC084282964620082110B /* watchOSSample WatchKit Extension.appex */; settings = {ATTRIBUTES = (RemoveHeadersOnCopy, ); }; };
		A6ADC08A282964620082110B /* InterfaceController.swift in Sources */ = {isa = PBXBuildFile; fileRef = A6ADC089282964620082110B /* InterfaceController.swift */; };
		A6ADC08C282964620082110B /* ExtensionDelegate.swift in Sources */ = {isa = PBXBuildFile; fileRef = A6ADC08B282964620082110B /* ExtensionDelegate.swift */; };
		A6ADC08E282964620082110B /* NotificationController.swift in Sources */ = {isa = PBXBuildFile; fileRef = A6ADC08D282964620082110B /* NotificationController.swift */; };
		A6ADC090282964620082110B /* ComplicationController.swift in Sources */ = {isa = PBXBuildFile; fileRef = A6ADC08F282964620082110B /* ComplicationController.swift */; };
		A6ADC092282964640082110B /* Assets.xcassets in Resources */ = {isa = PBXBuildFile; fileRef = A6ADC091282964640082110B /* Assets.xcassets */; };
		A6ADC0CF282A9B120082110B /* ButtonRowController.swift in Sources */ = {isa = PBXBuildFile; fileRef = A6ADC0CE282A9B120082110B /* ButtonRowController.swift */; };
		A6ADC0D1282A9B340082110B /* LabelRowController.swift in Sources */ = {isa = PBXBuildFile; fileRef = A6ADC0D0282A9B340082110B /* LabelRowController.swift */; };
/* End PBXBuildFile section */

/* Begin PBXContainerItemProxy section */
		6E454118291D6F3D00AE084B /* PBXContainerItemProxy */ = {
			isa = PBXContainerItemProxy;
			containerPortal = A6D4125F288B02130030DB9E /* Airship.xcodeproj */;
			proxyType = 2;
			remoteGlobalIDString = 6E4A466E28EF44F600A25617;
			remoteInfo = AirshipMessageCenterTests;
		};
		A6ADC0782829645F0082110B /* PBXContainerItemProxy */ = {
			isa = PBXContainerItemProxy;
			containerPortal = A6ADC06C2829645F0082110B /* Project object */;
			proxyType = 1;
			remoteGlobalIDString = A6ADC0752829645F0082110B;
			remoteInfo = "watchOSSample WatchKit App";
		};
		A6ADC086282964620082110B /* PBXContainerItemProxy */ = {
			isa = PBXContainerItemProxy;
			containerPortal = A6ADC06C2829645F0082110B /* Project object */;
			proxyType = 1;
			remoteGlobalIDString = A6ADC083282964620082110B;
			remoteInfo = "watchOSSample WatchKit Extension";
		};
		A6D41271288B02130030DB9E /* PBXContainerItemProxy */ = {
			isa = PBXContainerItemProxy;
			containerPortal = A6D4125F288B02130030DB9E /* Airship.xcodeproj */;
			proxyType = 2;
			remoteGlobalIDString = 6E43204826EA814F009228AB;
			remoteInfo = AirshipBasement;
		};
		A6D41273288B02130030DB9E /* PBXContainerItemProxy */ = {
			isa = PBXContainerItemProxy;
			containerPortal = A6D4125F288B02130030DB9E /* Airship.xcodeproj */;
			proxyType = 2;
			remoteGlobalIDString = 6E43212626EA819A009228AB;
			remoteInfo = "AirshipBasement tvOS";
		};
		A6D41275288B02130030DB9E /* PBXContainerItemProxy */ = {
			isa = PBXContainerItemProxy;
			containerPortal = A6D4125F288B02130030DB9E /* Airship.xcodeproj */;
			proxyType = 2;
			remoteGlobalIDString = A6722ABF281A9F460033F54D;
			remoteInfo = "AirshipBasement watchOS";
		};
		A6D41277288B02130030DB9E /* PBXContainerItemProxy */ = {
			isa = PBXContainerItemProxy;
			containerPortal = A6D4125F288B02130030DB9E /* Airship.xcodeproj */;
			proxyType = 2;
			remoteGlobalIDString = 494DD9571B0EB677009C134E;
			remoteInfo = AirshipCore;
		};
		A6D41279288B02130030DB9E /* PBXContainerItemProxy */ = {
			isa = PBXContainerItemProxy;
			containerPortal = A6D4125F288B02130030DB9E /* Airship.xcodeproj */;
			proxyType = 2;
			remoteGlobalIDString = DF6DD6561E7A1EB8000C281A;
			remoteInfo = "AirshipCore tvOS";
		};
		A6D4127B288B02130030DB9E /* PBXContainerItemProxy */ = {
			isa = PBXContainerItemProxy;
			containerPortal = A6D4125F288B02130030DB9E /* Airship.xcodeproj */;
			proxyType = 2;
			remoteGlobalIDString = A67229B228199CEF0033F54D;
			remoteInfo = "AirshipCore watchOS";
		};
		A6D4127D288B02130030DB9E /* PBXContainerItemProxy */ = {
			isa = PBXContainerItemProxy;
			containerPortal = A6D4125F288B02130030DB9E /* Airship.xcodeproj */;
			proxyType = 2;
			remoteGlobalIDString = CC64F0541D8B77E3009CEF27;
			remoteInfo = AirshipTests;
		};
		A6D4127F288B02130030DB9E /* PBXContainerItemProxy */ = {
			isa = PBXContainerItemProxy;
			containerPortal = A6D4125F288B02130030DB9E /* Airship.xcodeproj */;
			proxyType = 2;
			remoteGlobalIDString = 3CA0E2AC237CCE2600EE76CF;
			remoteInfo = AirshipDebug;
		};
		A6D41281288B02130030DB9E /* PBXContainerItemProxy */ = {
			isa = PBXContainerItemProxy;
			containerPortal = A6D4125F288B02130030DB9E /* Airship.xcodeproj */;
			proxyType = 2;
			remoteGlobalIDString = 6E845377237E0271007D3B1E;
			remoteInfo = AirshipAutomation;
		};
		A6D41283288B02130030DB9E /* PBXContainerItemProxy */ = {
			isa = PBXContainerItemProxy;
			containerPortal = A6D4125F288B02130030DB9E /* Airship.xcodeproj */;
			proxyType = 2;
			remoteGlobalIDString = 3CA0E423237E4A7B00EE76CF;
			remoteInfo = AirshipMessageCenter;
		};
		A6D41287288B02130030DB9E /* PBXContainerItemProxy */ = {
			isa = PBXContainerItemProxy;
			containerPortal = A6D4125F288B02130030DB9E /* Airship.xcodeproj */;
			proxyType = 2;
			remoteGlobalIDString = 847BFFF4267CD739007CD249;
			remoteInfo = AirshipPreferenceCenter;
		};
		A6D41289288B02130030DB9E /* PBXContainerItemProxy */ = {
			isa = PBXContainerItemProxy;
			containerPortal = A6D4125F288B02130030DB9E /* Airship.xcodeproj */;
			proxyType = 2;
			remoteGlobalIDString = 847BFFFC267CD73A007CD249;
			remoteInfo = AirshipPreferenceCenterTests;
		};
		A6D4128F288B02360030DB9E /* PBXContainerItemProxy */ = {
			isa = PBXContainerItemProxy;
			containerPortal = A6D4125F288B02130030DB9E /* Airship.xcodeproj */;
			proxyType = 1;
			remoteGlobalIDString = A6722ABE281A9F460033F54D;
			remoteInfo = "AirshipBasement watchOS";
		};
		A6D41291288B02360030DB9E /* PBXContainerItemProxy */ = {
			isa = PBXContainerItemProxy;
			containerPortal = A6D4125F288B02130030DB9E /* Airship.xcodeproj */;
			proxyType = 1;
			remoteGlobalIDString = A67229B128199CEF0033F54D;
			remoteInfo = "AirshipCore watchOS";
		};
/* End PBXContainerItemProxy section */

/* Begin PBXCopyFilesBuildPhase section */
		A6ADC0B0282964640082110B /* Embed App Extensions */ = {
			isa = PBXCopyFilesBuildPhase;
			buildActionMask = 2147483647;
			dstPath = "";
			dstSubfolderSpec = 13;
			files = (
				A6ADC085282964620082110B /* watchOSSample WatchKit Extension.appex in Embed App Extensions */,
			);
			name = "Embed App Extensions";
			runOnlyForDeploymentPostprocessing = 0;
		};
		A6ADC0B4282964640082110B /* Embed Watch Content */ = {
			isa = PBXCopyFilesBuildPhase;
			buildActionMask = 2147483647;
			dstPath = "$(CONTENTS_FOLDER_PATH)/Watch";
			dstSubfolderSpec = 16;
			files = (
				A6ADC0772829645F0082110B /* watchOSSample WatchKit App.app in Embed Watch Content */,
			);
			name = "Embed Watch Content";
			runOnlyForDeploymentPostprocessing = 0;
		};
/* End PBXCopyFilesBuildPhase section */

/* Begin PBXFileReference section */
		A61AC1F628AE265400C4B1BA /* AirshipConfig.plist */ = {isa = PBXFileReference; lastKnownFileType = text.plist.xml; path = AirshipConfig.plist; sourceTree = "<group>"; };
		A6ADC0722829645F0082110B /* watchOSSample.app */ = {isa = PBXFileReference; explicitFileType = wrapper.application; includeInIndex = 0; path = watchOSSample.app; sourceTree = BUILT_PRODUCTS_DIR; };
		A6ADC0762829645F0082110B /* watchOSSample WatchKit App.app */ = {isa = PBXFileReference; explicitFileType = wrapper.application; includeInIndex = 0; path = "watchOSSample WatchKit App.app"; sourceTree = BUILT_PRODUCTS_DIR; };
		A6ADC07C2829645F0082110B /* Base */ = {isa = PBXFileReference; lastKnownFileType = file.storyboard; name = Base; path = Base.lproj/Interface.storyboard; sourceTree = "<group>"; };
		A6ADC07E282964620082110B /* Assets.xcassets */ = {isa = PBXFileReference; lastKnownFileType = folder.assetcatalog; path = Assets.xcassets; sourceTree = "<group>"; };
		A6ADC084282964620082110B /* watchOSSample WatchKit Extension.appex */ = {isa = PBXFileReference; explicitFileType = "wrapper.app-extension"; includeInIndex = 0; path = "watchOSSample WatchKit Extension.appex"; sourceTree = BUILT_PRODUCTS_DIR; };
		A6ADC089282964620082110B /* InterfaceController.swift */ = {isa = PBXFileReference; lastKnownFileType = sourcecode.swift; path = InterfaceController.swift; sourceTree = "<group>"; };
		A6ADC08B282964620082110B /* ExtensionDelegate.swift */ = {isa = PBXFileReference; lastKnownFileType = sourcecode.swift; path = ExtensionDelegate.swift; sourceTree = "<group>"; };
		A6ADC08D282964620082110B /* NotificationController.swift */ = {isa = PBXFileReference; lastKnownFileType = sourcecode.swift; path = NotificationController.swift; sourceTree = "<group>"; };
		A6ADC08F282964620082110B /* ComplicationController.swift */ = {isa = PBXFileReference; lastKnownFileType = sourcecode.swift; path = ComplicationController.swift; sourceTree = "<group>"; };
		A6ADC091282964640082110B /* Assets.xcassets */ = {isa = PBXFileReference; lastKnownFileType = folder.assetcatalog; path = Assets.xcassets; sourceTree = "<group>"; };
		A6ADC093282964640082110B /* Info.plist */ = {isa = PBXFileReference; lastKnownFileType = text.plist.xml; path = Info.plist; sourceTree = "<group>"; };
		A6ADC094282964640082110B /* PushNotificationPayload.apns */ = {isa = PBXFileReference; lastKnownFileType = text; path = PushNotificationPayload.apns; sourceTree = "<group>"; };
		A6ADC09D282964640082110B /* watchOSSampleTests.swift */ = {isa = PBXFileReference; lastKnownFileType = sourcecode.swift; path = watchOSSampleTests.swift; sourceTree = "<group>"; };
		A6ADC0A7282964640082110B /* watchOSSampleUITests.swift */ = {isa = PBXFileReference; lastKnownFileType = sourcecode.swift; path = watchOSSampleUITests.swift; sourceTree = "<group>"; };
		A6ADC0A9282964640082110B /* watchOSSampleUITestsLaunchTests.swift */ = {isa = PBXFileReference; lastKnownFileType = sourcecode.swift; path = watchOSSampleUITestsLaunchTests.swift; sourceTree = "<group>"; };
		A6ADC0BE282964920082110B /* watchOSSample WatchKit Extension.entitlements */ = {isa = PBXFileReference; lastKnownFileType = text.plist.entitlements; path = "watchOSSample WatchKit Extension.entitlements"; sourceTree = "<group>"; };
		A6ADC0BF282964980082110B /* watchOSSample WatchKit App.entitlements */ = {isa = PBXFileReference; lastKnownFileType = text.plist.entitlements; path = "watchOSSample WatchKit App.entitlements"; sourceTree = "<group>"; };
		A6ADC0C22829674F0082110B /* AirshipCore.framework */ = {isa = PBXFileReference; explicitFileType = wrapper.framework; path = AirshipCore.framework; sourceTree = BUILT_PRODUCTS_DIR; };
		A6ADC0C4282967580082110B /* AirshipBasement.framework */ = {isa = PBXFileReference; explicitFileType = wrapper.framework; path = AirshipBasement.framework; sourceTree = BUILT_PRODUCTS_DIR; };
		A6ADC0CE282A9B120082110B /* ButtonRowController.swift */ = {isa = PBXFileReference; lastKnownFileType = sourcecode.swift; path = ButtonRowController.swift; sourceTree = "<group>"; };
		A6ADC0D0282A9B340082110B /* LabelRowController.swift */ = {isa = PBXFileReference; lastKnownFileType = sourcecode.swift; path = LabelRowController.swift; sourceTree = "<group>"; };
		A6D41210288AFFEF0030DB9E /* AirshipBasement.framework */ = {isa = PBXFileReference; explicitFileType = wrapper.framework; path = AirshipBasement.framework; sourceTree = BUILT_PRODUCTS_DIR; };
		A6D41212288AFFEF0030DB9E /* AirshipCore.framework */ = {isa = PBXFileReference; explicitFileType = wrapper.framework; path = AirshipCore.framework; sourceTree = BUILT_PRODUCTS_DIR; };
		A6D4125F288B02130030DB9E /* Airship.xcodeproj */ = {isa = PBXFileReference; lastKnownFileType = "wrapper.pb-project"; name = Airship.xcodeproj; path = ../Airship/Airship.xcodeproj; sourceTree = "<group>"; };
/* End PBXFileReference section */

/* Begin PBXFrameworksBuildPhase section */
		A6ADC081282964620082110B /* Frameworks */ = {
			isa = PBXFrameworksBuildPhase;
			buildActionMask = 2147483647;
			files = (
				6E45411A291D6F4300AE084B /* AirshipBasement.framework in Frameworks */,
				6E45411B291D6F4300AE084B /* AirshipCore.framework in Frameworks */,
			);
			runOnlyForDeploymentPostprocessing = 0;
		};
/* End PBXFrameworksBuildPhase section */

/* Begin PBXGroup section */
		A6ADC06B2829645F0082110B = {
			isa = PBXGroup;
			children = (
				A61AC1F628AE265400C4B1BA /* AirshipConfig.plist */,
				A6D4125F288B02130030DB9E /* Airship.xcodeproj */,
				A6ADC07A2829645F0082110B /* watchOSSample WatchKit App */,
				A6ADC088282964620082110B /* watchOSSample WatchKit Extension */,
				A6ADC09C282964640082110B /* watchOSSampleTests */,
				A6ADC0A6282964640082110B /* watchOSSampleUITests */,
				A6ADC0732829645F0082110B /* Products */,
				A6ADC0C12829674F0082110B /* Frameworks */,
			);
			sourceTree = "<group>";
		};
		A6ADC0732829645F0082110B /* Products */ = {
			isa = PBXGroup;
			children = (
				A6ADC0722829645F0082110B /* watchOSSample.app */,
				A6ADC0762829645F0082110B /* watchOSSample WatchKit App.app */,
				A6ADC084282964620082110B /* watchOSSample WatchKit Extension.appex */,
			);
			name = Products;
			sourceTree = "<group>";
		};
		A6ADC07A2829645F0082110B /* watchOSSample WatchKit App */ = {
			isa = PBXGroup;
			children = (
				A6ADC0BF282964980082110B /* watchOSSample WatchKit App.entitlements */,
				A6ADC07B2829645F0082110B /* Interface.storyboard */,
				A6ADC07E282964620082110B /* Assets.xcassets */,
			);
			path = "watchOSSample WatchKit App";
			sourceTree = "<group>";
		};
		A6ADC088282964620082110B /* watchOSSample WatchKit Extension */ = {
			isa = PBXGroup;
			children = (
				A6ADC0BE282964920082110B /* watchOSSample WatchKit Extension.entitlements */,
				A6ADC089282964620082110B /* InterfaceController.swift */,
				A6ADC08B282964620082110B /* ExtensionDelegate.swift */,
				A6ADC08D282964620082110B /* NotificationController.swift */,
				A6ADC08F282964620082110B /* ComplicationController.swift */,
				A6ADC0CE282A9B120082110B /* ButtonRowController.swift */,
				A6ADC0D0282A9B340082110B /* LabelRowController.swift */,
				A6ADC091282964640082110B /* Assets.xcassets */,
				A6ADC093282964640082110B /* Info.plist */,
				A6ADC094282964640082110B /* PushNotificationPayload.apns */,
			);
			path = "watchOSSample WatchKit Extension";
			sourceTree = "<group>";
		};
		A6ADC09C282964640082110B /* watchOSSampleTests */ = {
			isa = PBXGroup;
			children = (
				A6ADC09D282964640082110B /* watchOSSampleTests.swift */,
			);
			path = watchOSSampleTests;
			sourceTree = "<group>";
		};
		A6ADC0A6282964640082110B /* watchOSSampleUITests */ = {
			isa = PBXGroup;
			children = (
				A6ADC0A7282964640082110B /* watchOSSampleUITests.swift */,
				A6ADC0A9282964640082110B /* watchOSSampleUITestsLaunchTests.swift */,
			);
			path = watchOSSampleUITests;
			sourceTree = "<group>";
		};
		A6ADC0C12829674F0082110B /* Frameworks */ = {
			isa = PBXGroup;
			children = (
				A6D41210288AFFEF0030DB9E /* AirshipBasement.framework */,
				A6D41212288AFFEF0030DB9E /* AirshipCore.framework */,
				A6ADC0C4282967580082110B /* AirshipBasement.framework */,
				A6ADC0C22829674F0082110B /* AirshipCore.framework */,
			);
			name = Frameworks;
			sourceTree = "<group>";
		};
		A6D41260288B02130030DB9E /* Products */ = {
			isa = PBXGroup;
			children = (
				A6D41272288B02130030DB9E /* AirshipBasement.framework */,
				A6D41274288B02130030DB9E /* AirshipBasement.framework */,
				A6D41276288B02130030DB9E /* AirshipBasement.framework */,
				A6D41278288B02130030DB9E /* AirshipCore.framework */,
				A6D4127A288B02130030DB9E /* AirshipCore.framework */,
				A6D4127C288B02130030DB9E /* AirshipCore.framework */,
				A6D4127E288B02130030DB9E /* AirshipTests.xctest */,
				A6D41280288B02130030DB9E /* AirshipDebug.framework */,
				A6D41282288B02130030DB9E /* AirshipAutomation.framework */,
				A6D41284288B02130030DB9E /* AirshipMessageCenter.framework */,
				A6D41288288B02130030DB9E /* AirshipPreferenceCenter.framework */,
				A6D4128A288B02130030DB9E /* AirshipPreferenceCenterTests.xctest */,
				6E454119291D6F3D00AE084B /* AirshipMessageCenterTests.xctest */,
			);
			name = Products;
			sourceTree = "<group>";
		};
/* End PBXGroup section */

/* Begin PBXNativeTarget section */
		A6ADC0712829645F0082110B /* watchOSSample */ = {
			isa = PBXNativeTarget;
			buildConfigurationList = A6ADC0B5282964640082110B /* Build configuration list for PBXNativeTarget "watchOSSample" */;
			buildPhases = (
				A6ADC0702829645F0082110B /* Resources */,
				A6ADC0B4282964640082110B /* Embed Watch Content */,
			);
			buildRules = (
			);
			dependencies = (
				A6ADC0792829645F0082110B /* PBXTargetDependency */,
			);
			name = watchOSSample;
			productName = watchOSSample;
			productReference = A6ADC0722829645F0082110B /* watchOSSample.app */;
			productType = "com.apple.product-type.application.watchapp2-container";
		};
		A6ADC0752829645F0082110B /* watchOSSample WatchKit App */ = {
			isa = PBXNativeTarget;
			buildConfigurationList = A6ADC0B1282964640082110B /* Build configuration list for PBXNativeTarget "watchOSSample WatchKit App" */;
			buildPhases = (
				A6ADC0742829645F0082110B /* Resources */,
				A6ADC0B0282964640082110B /* Embed App Extensions */,
			);
			buildRules = (
			);
			dependencies = (
				A6ADC087282964620082110B /* PBXTargetDependency */,
			);
			name = "watchOSSample WatchKit App";
			productName = "watchOSSample WatchKit App";
			productReference = A6ADC0762829645F0082110B /* watchOSSample WatchKit App.app */;
			productType = "com.apple.product-type.application.watchapp2";
		};
		A6ADC083282964620082110B /* watchOSSample WatchKit Extension */ = {
			isa = PBXNativeTarget;
			buildConfigurationList = A6ADC0AD282964640082110B /* Build configuration list for PBXNativeTarget "watchOSSample WatchKit Extension" */;
			buildPhases = (
				A6ADC080282964620082110B /* Sources */,
				A6ADC081282964620082110B /* Frameworks */,
				A6ADC082282964620082110B /* Resources */,
			);
			buildRules = (
			);
			dependencies = (
				A6D41290288B02360030DB9E /* PBXTargetDependency */,
				A6D41292288B02360030DB9E /* PBXTargetDependency */,
			);
			name = "watchOSSample WatchKit Extension";
			productName = "watchOSSample WatchKit Extension";
			productReference = A6ADC084282964620082110B /* watchOSSample WatchKit Extension.appex */;
			productType = "com.apple.product-type.watchkit2-extension";
		};
/* End PBXNativeTarget section */

/* Begin PBXProject section */
		A6ADC06C2829645F0082110B /* Project object */ = {
			isa = PBXProject;
			attributes = {
				BuildIndependentTargetsInParallel = 1;
				LastSwiftUpdateCheck = 1320;
				LastUpgradeCheck = 1320;
				TargetAttributes = {
					A6ADC0712829645F0082110B = {
						CreatedOnToolsVersion = 13.2.1;
					};
					A6ADC0752829645F0082110B = {
						CreatedOnToolsVersion = 13.2.1;
					};
					A6ADC083282964620082110B = {
						CreatedOnToolsVersion = 13.2.1;
					};
				};
			};
			buildConfigurationList = A6ADC06F2829645F0082110B /* Build configuration list for PBXProject "watchOSSample" */;
			compatibilityVersion = "Xcode 13.0";
			developmentRegion = en;
			hasScannedForEncodings = 0;
			knownRegions = (
				en,
				Base,
			);
			mainGroup = A6ADC06B2829645F0082110B;
			productRefGroup = A6ADC0732829645F0082110B /* Products */;
			projectDirPath = "";
			projectReferences = (
				{
					ProductGroup = A6D41260288B02130030DB9E /* Products */;
					ProjectRef = A6D4125F288B02130030DB9E /* Airship.xcodeproj */;
				},
			);
			projectRoot = "";
			targets = (
				A6ADC0712829645F0082110B /* watchOSSample */,
				A6ADC0752829645F0082110B /* watchOSSample WatchKit App */,
				A6ADC083282964620082110B /* watchOSSample WatchKit Extension */,
			);
		};
/* End PBXProject section */

/* Begin PBXReferenceProxy section */
		6E454119291D6F3D00AE084B /* AirshipMessageCenterTests.xctest */ = {
			isa = PBXReferenceProxy;
			fileType = wrapper.cfbundle;
			path = AirshipMessageCenterTests.xctest;
			remoteRef = 6E454118291D6F3D00AE084B /* PBXContainerItemProxy */;
			sourceTree = BUILT_PRODUCTS_DIR;
		};
		A6D41272288B02130030DB9E /* AirshipBasement.framework */ = {
			isa = PBXReferenceProxy;
			fileType = wrapper.framework;
			path = AirshipBasement.framework;
			remoteRef = A6D41271288B02130030DB9E /* PBXContainerItemProxy */;
			sourceTree = BUILT_PRODUCTS_DIR;
		};
		A6D41274288B02130030DB9E /* AirshipBasement.framework */ = {
			isa = PBXReferenceProxy;
			fileType = wrapper.framework;
			path = AirshipBasement.framework;
			remoteRef = A6D41273288B02130030DB9E /* PBXContainerItemProxy */;
			sourceTree = BUILT_PRODUCTS_DIR;
		};
		A6D41276288B02130030DB9E /* AirshipBasement.framework */ = {
			isa = PBXReferenceProxy;
			fileType = wrapper.framework;
			path = AirshipBasement.framework;
			remoteRef = A6D41275288B02130030DB9E /* PBXContainerItemProxy */;
			sourceTree = BUILT_PRODUCTS_DIR;
		};
		A6D41278288B02130030DB9E /* AirshipCore.framework */ = {
			isa = PBXReferenceProxy;
			fileType = wrapper.framework;
			path = AirshipCore.framework;
			remoteRef = A6D41277288B02130030DB9E /* PBXContainerItemProxy */;
			sourceTree = BUILT_PRODUCTS_DIR;
		};
		A6D4127A288B02130030DB9E /* AirshipCore.framework */ = {
			isa = PBXReferenceProxy;
			fileType = wrapper.framework;
			path = AirshipCore.framework;
			remoteRef = A6D41279288B02130030DB9E /* PBXContainerItemProxy */;
			sourceTree = BUILT_PRODUCTS_DIR;
		};
		A6D4127C288B02130030DB9E /* AirshipCore.framework */ = {
			isa = PBXReferenceProxy;
			fileType = wrapper.framework;
			path = AirshipCore.framework;
			remoteRef = A6D4127B288B02130030DB9E /* PBXContainerItemProxy */;
			sourceTree = BUILT_PRODUCTS_DIR;
		};
		A6D4127E288B02130030DB9E /* AirshipTests.xctest */ = {
			isa = PBXReferenceProxy;
			fileType = wrapper.cfbundle;
			path = AirshipTests.xctest;
			remoteRef = A6D4127D288B02130030DB9E /* PBXContainerItemProxy */;
			sourceTree = BUILT_PRODUCTS_DIR;
		};
		A6D41280288B02130030DB9E /* AirshipDebug.framework */ = {
			isa = PBXReferenceProxy;
			fileType = wrapper.framework;
			path = AirshipDebug.framework;
			remoteRef = A6D4127F288B02130030DB9E /* PBXContainerItemProxy */;
			sourceTree = BUILT_PRODUCTS_DIR;
		};
		A6D41282288B02130030DB9E /* AirshipAutomation.framework */ = {
			isa = PBXReferenceProxy;
			fileType = wrapper.framework;
			path = AirshipAutomation.framework;
			remoteRef = A6D41281288B02130030DB9E /* PBXContainerItemProxy */;
			sourceTree = BUILT_PRODUCTS_DIR;
		};
		A6D41284288B02130030DB9E /* AirshipMessageCenter.framework */ = {
			isa = PBXReferenceProxy;
			fileType = wrapper.framework;
			path = AirshipMessageCenter.framework;
			remoteRef = A6D41283288B02130030DB9E /* PBXContainerItemProxy */;
			sourceTree = BUILT_PRODUCTS_DIR;
		};
		A6D41288288B02130030DB9E /* AirshipPreferenceCenter.framework */ = {
			isa = PBXReferenceProxy;
			fileType = wrapper.framework;
			path = AirshipPreferenceCenter.framework;
			remoteRef = A6D41287288B02130030DB9E /* PBXContainerItemProxy */;
			sourceTree = BUILT_PRODUCTS_DIR;
		};
		A6D4128A288B02130030DB9E /* AirshipPreferenceCenterTests.xctest */ = {
			isa = PBXReferenceProxy;
			fileType = wrapper.cfbundle;
			path = AirshipPreferenceCenterTests.xctest;
			remoteRef = A6D41289288B02130030DB9E /* PBXContainerItemProxy */;
			sourceTree = BUILT_PRODUCTS_DIR;
		};
/* End PBXReferenceProxy section */

/* Begin PBXResourcesBuildPhase section */
		A6ADC0702829645F0082110B /* Resources */ = {
			isa = PBXResourcesBuildPhase;
			buildActionMask = 2147483647;
			files = (
			);
			runOnlyForDeploymentPostprocessing = 0;
		};
		A6ADC0742829645F0082110B /* Resources */ = {
			isa = PBXResourcesBuildPhase;
			buildActionMask = 2147483647;
			files = (
				A6ADC07F282964620082110B /* Assets.xcassets in Resources */,
				A6ADC07D2829645F0082110B /* Interface.storyboard in Resources */,
			);
			runOnlyForDeploymentPostprocessing = 0;
		};
		A6ADC082282964620082110B /* Resources */ = {
			isa = PBXResourcesBuildPhase;
			buildActionMask = 2147483647;
			files = (
				A6ADC092282964640082110B /* Assets.xcassets in Resources */,
				6E45411C291D702D00AE084B /* AirshipConfig.plist in Resources */,
			);
			runOnlyForDeploymentPostprocessing = 0;
		};
/* End PBXResourcesBuildPhase section */

/* Begin PBXSourcesBuildPhase section */
		A6ADC080282964620082110B /* Sources */ = {
			isa = PBXSourcesBuildPhase;
			buildActionMask = 2147483647;
			files = (
				A6ADC0CF282A9B120082110B /* ButtonRowController.swift in Sources */,
				A6ADC0D1282A9B340082110B /* LabelRowController.swift in Sources */,
				A6ADC08E282964620082110B /* NotificationController.swift in Sources */,
				A6ADC090282964620082110B /* ComplicationController.swift in Sources */,
				A6ADC08C282964620082110B /* ExtensionDelegate.swift in Sources */,
				A6ADC08A282964620082110B /* InterfaceController.swift in Sources */,
			);
			runOnlyForDeploymentPostprocessing = 0;
		};
/* End PBXSourcesBuildPhase section */

/* Begin PBXTargetDependency section */
		A6ADC0792829645F0082110B /* PBXTargetDependency */ = {
			isa = PBXTargetDependency;
			target = A6ADC0752829645F0082110B /* watchOSSample WatchKit App */;
			targetProxy = A6ADC0782829645F0082110B /* PBXContainerItemProxy */;
		};
		A6ADC087282964620082110B /* PBXTargetDependency */ = {
			isa = PBXTargetDependency;
			target = A6ADC083282964620082110B /* watchOSSample WatchKit Extension */;
			targetProxy = A6ADC086282964620082110B /* PBXContainerItemProxy */;
		};
		A6D41290288B02360030DB9E /* PBXTargetDependency */ = {
			isa = PBXTargetDependency;
			name = "AirshipBasement watchOS";
			targetProxy = A6D4128F288B02360030DB9E /* PBXContainerItemProxy */;
		};
		A6D41292288B02360030DB9E /* PBXTargetDependency */ = {
			isa = PBXTargetDependency;
			name = "AirshipCore watchOS";
			targetProxy = A6D41291288B02360030DB9E /* PBXContainerItemProxy */;
		};
/* End PBXTargetDependency section */

/* Begin PBXVariantGroup section */
		A6ADC07B2829645F0082110B /* Interface.storyboard */ = {
			isa = PBXVariantGroup;
			children = (
				A6ADC07C2829645F0082110B /* Base */,
			);
			name = Interface.storyboard;
			sourceTree = "<group>";
		};
/* End PBXVariantGroup section */

/* Begin XCBuildConfiguration section */
		A6ADC0AB282964640082110B /* Debug */ = {
			isa = XCBuildConfiguration;
			buildSettings = {
				ALWAYS_SEARCH_USER_PATHS = NO;
				CLANG_ANALYZER_NONNULL = YES;
				CLANG_ANALYZER_NUMBER_OBJECT_CONVERSION = YES_AGGRESSIVE;
				CLANG_CXX_LANGUAGE_STANDARD = "gnu++17";
				CLANG_CXX_LIBRARY = "libc++";
				CLANG_ENABLE_MODULES = YES;
				CLANG_ENABLE_OBJC_ARC = YES;
				CLANG_ENABLE_OBJC_WEAK = YES;
				CLANG_WARN_BLOCK_CAPTURE_AUTORELEASING = YES;
				CLANG_WARN_BOOL_CONVERSION = YES;
				CLANG_WARN_COMMA = YES;
				CLANG_WARN_CONSTANT_CONVERSION = YES;
				CLANG_WARN_DEPRECATED_OBJC_IMPLEMENTATIONS = YES;
				CLANG_WARN_DIRECT_OBJC_ISA_USAGE = YES_ERROR;
				CLANG_WARN_DOCUMENTATION_COMMENTS = YES;
				CLANG_WARN_EMPTY_BODY = YES;
				CLANG_WARN_ENUM_CONVERSION = YES;
				CLANG_WARN_INFINITE_RECURSION = YES;
				CLANG_WARN_INT_CONVERSION = YES;
				CLANG_WARN_NON_LITERAL_NULL_CONVERSION = YES;
				CLANG_WARN_OBJC_IMPLICIT_RETAIN_SELF = YES;
				CLANG_WARN_OBJC_LITERAL_CONVERSION = YES;
				CLANG_WARN_OBJC_ROOT_CLASS = YES_ERROR;
				CLANG_WARN_QUOTED_INCLUDE_IN_FRAMEWORK_HEADER = YES;
				CLANG_WARN_RANGE_LOOP_ANALYSIS = YES;
				CLANG_WARN_STRICT_PROTOTYPES = YES;
				CLANG_WARN_SUSPICIOUS_MOVE = YES;
				CLANG_WARN_UNGUARDED_AVAILABILITY = YES_AGGRESSIVE;
				CLANG_WARN_UNREACHABLE_CODE = YES;
				CLANG_WARN__DUPLICATE_METHOD_MATCH = YES;
				COPY_PHASE_STRIP = NO;
				DEBUG_INFORMATION_FORMAT = dwarf;
				ENABLE_STRICT_OBJC_MSGSEND = YES;
				ENABLE_TESTABILITY = YES;
				GCC_C_LANGUAGE_STANDARD = gnu11;
				GCC_DYNAMIC_NO_PIC = NO;
				GCC_NO_COMMON_BLOCKS = YES;
				GCC_OPTIMIZATION_LEVEL = 0;
				GCC_PREPROCESSOR_DEFINITIONS = (
					"DEBUG=1",
					"$(inherited)",
				);
				GCC_WARN_64_TO_32_BIT_CONVERSION = YES;
				GCC_WARN_ABOUT_RETURN_TYPE = YES_ERROR;
				GCC_WARN_UNDECLARED_SELECTOR = YES;
				GCC_WARN_UNINITIALIZED_AUTOS = YES_AGGRESSIVE;
				GCC_WARN_UNUSED_FUNCTION = YES;
				GCC_WARN_UNUSED_VARIABLE = YES;
				MTL_ENABLE_DEBUG_INFO = INCLUDE_SOURCE;
				MTL_FAST_MATH = YES;
				ONLY_ACTIVE_ARCH = YES;
				SDKROOT = watchos;
				SWIFT_ACTIVE_COMPILATION_CONDITIONS = DEBUG;
				SWIFT_OPTIMIZATION_LEVEL = "-Onone";
			};
			name = Debug;
		};
		A6ADC0AC282964640082110B /* Release */ = {
			isa = XCBuildConfiguration;
			buildSettings = {
				ALWAYS_SEARCH_USER_PATHS = NO;
				CLANG_ANALYZER_NONNULL = YES;
				CLANG_ANALYZER_NUMBER_OBJECT_CONVERSION = YES_AGGRESSIVE;
				CLANG_CXX_LANGUAGE_STANDARD = "gnu++17";
				CLANG_CXX_LIBRARY = "libc++";
				CLANG_ENABLE_MODULES = YES;
				CLANG_ENABLE_OBJC_ARC = YES;
				CLANG_ENABLE_OBJC_WEAK = YES;
				CLANG_WARN_BLOCK_CAPTURE_AUTORELEASING = YES;
				CLANG_WARN_BOOL_CONVERSION = YES;
				CLANG_WARN_COMMA = YES;
				CLANG_WARN_CONSTANT_CONVERSION = YES;
				CLANG_WARN_DEPRECATED_OBJC_IMPLEMENTATIONS = YES;
				CLANG_WARN_DIRECT_OBJC_ISA_USAGE = YES_ERROR;
				CLANG_WARN_DOCUMENTATION_COMMENTS = YES;
				CLANG_WARN_EMPTY_BODY = YES;
				CLANG_WARN_ENUM_CONVERSION = YES;
				CLANG_WARN_INFINITE_RECURSION = YES;
				CLANG_WARN_INT_CONVERSION = YES;
				CLANG_WARN_NON_LITERAL_NULL_CONVERSION = YES;
				CLANG_WARN_OBJC_IMPLICIT_RETAIN_SELF = YES;
				CLANG_WARN_OBJC_LITERAL_CONVERSION = YES;
				CLANG_WARN_OBJC_ROOT_CLASS = YES_ERROR;
				CLANG_WARN_QUOTED_INCLUDE_IN_FRAMEWORK_HEADER = YES;
				CLANG_WARN_RANGE_LOOP_ANALYSIS = YES;
				CLANG_WARN_STRICT_PROTOTYPES = YES;
				CLANG_WARN_SUSPICIOUS_MOVE = YES;
				CLANG_WARN_UNGUARDED_AVAILABILITY = YES_AGGRESSIVE;
				CLANG_WARN_UNREACHABLE_CODE = YES;
				CLANG_WARN__DUPLICATE_METHOD_MATCH = YES;
				COPY_PHASE_STRIP = NO;
				DEBUG_INFORMATION_FORMAT = "dwarf-with-dsym";
				ENABLE_NS_ASSERTIONS = NO;
				ENABLE_STRICT_OBJC_MSGSEND = YES;
				GCC_C_LANGUAGE_STANDARD = gnu11;
				GCC_NO_COMMON_BLOCKS = YES;
				GCC_WARN_64_TO_32_BIT_CONVERSION = YES;
				GCC_WARN_ABOUT_RETURN_TYPE = YES_ERROR;
				GCC_WARN_UNDECLARED_SELECTOR = YES;
				GCC_WARN_UNINITIALIZED_AUTOS = YES_AGGRESSIVE;
				GCC_WARN_UNUSED_FUNCTION = YES;
				GCC_WARN_UNUSED_VARIABLE = YES;
				MTL_ENABLE_DEBUG_INFO = NO;
				MTL_FAST_MATH = YES;
				SDKROOT = watchos;
				SWIFT_COMPILATION_MODE = wholemodule;
				SWIFT_OPTIMIZATION_LEVEL = "-O";
				VALIDATE_PRODUCT = YES;
			};
			name = Release;
		};
		A6ADC0AE282964640082110B /* Debug */ = {
			isa = XCBuildConfiguration;
			buildSettings = {
				ASSETCATALOG_COMPILER_COMPLICATION_NAME = Complication;
				CODE_SIGN_ENTITLEMENTS = "watchOSSample WatchKit Extension/watchOSSample WatchKit Extension.entitlements";
				CODE_SIGN_IDENTITY = "Apple Development";
				"CODE_SIGN_IDENTITY[sdk=*]" = "iPhone Developer";
				CODE_SIGN_STYLE = Manual;
				CURRENT_PROJECT_VERSION = 1;
				DEVELOPMENT_TEAM = PGJV57GD94;
				GENERATE_INFOPLIST_FILE = YES;
				INFOPLIST_FILE = "watchOSSample WatchKit Extension/Info.plist";
				INFOPLIST_KEY_CFBundleDisplayName = "watchOSSample WatchKit Extension";
				INFOPLIST_KEY_CLKComplicationPrincipalClass = watchOSSample_WatchKit_Extension.ComplicationController;
				INFOPLIST_KEY_NSHumanReadableCopyright = "";
				INFOPLIST_KEY_WKExtensionDelegateClassName = watchOSSample_WatchKit_Extension.ExtensionDelegate;
				INFOPLIST_KEY_WKWatchOnly = YES;
				LD_RUNPATH_SEARCH_PATHS = (
					"$(inherited)",
					"@executable_path/Frameworks",
					"@executable_path/../../Frameworks",
				);
				MARKETING_VERSION = 1.0;
				PRODUCT_BUNDLE_IDENTIFIER = com.urbanairship.richpush.watchkitapp.watchkitextension;
				PRODUCT_NAME = "${TARGET_NAME}";
				PROVISIONING_PROFILE_SPECIFIER = wkext_prof;
				SDKROOT = watchos;
				SKIP_INSTALL = YES;
				SWIFT_EMIT_LOC_STRINGS = YES;
				SWIFT_VERSION = 5.0;
				TARGETED_DEVICE_FAMILY = 4;
				WATCHOS_DEPLOYMENT_TARGET = 7.0;
			};
			name = Debug;
		};
		A6ADC0AF282964640082110B /* Release */ = {
			isa = XCBuildConfiguration;
			buildSettings = {
				ASSETCATALOG_COMPILER_COMPLICATION_NAME = Complication;
				CODE_SIGN_ENTITLEMENTS = "watchOSSample WatchKit Extension/watchOSSample WatchKit Extension.entitlements";
				CODE_SIGN_IDENTITY = "Apple Development";
				"CODE_SIGN_IDENTITY[sdk=*]" = "iPhone Developer";
				CODE_SIGN_STYLE = Manual;
				CURRENT_PROJECT_VERSION = 1;
				DEVELOPMENT_TEAM = PGJV57GD94;
				GENERATE_INFOPLIST_FILE = YES;
				INFOPLIST_FILE = "watchOSSample WatchKit Extension/Info.plist";
				INFOPLIST_KEY_CFBundleDisplayName = "watchOSSample WatchKit Extension";
				INFOPLIST_KEY_CLKComplicationPrincipalClass = watchOSSample_WatchKit_Extension.ComplicationController;
				INFOPLIST_KEY_NSHumanReadableCopyright = "";
				INFOPLIST_KEY_WKExtensionDelegateClassName = watchOSSample_WatchKit_Extension.ExtensionDelegate;
				INFOPLIST_KEY_WKWatchOnly = YES;
				LD_RUNPATH_SEARCH_PATHS = (
					"$(inherited)",
					"@executable_path/Frameworks",
					"@executable_path/../../Frameworks",
				);
				MARKETING_VERSION = 1.0;
				PRODUCT_BUNDLE_IDENTIFIER = com.urbanairship.richpush.watchkitapp.watchkitextension;
				PRODUCT_NAME = "${TARGET_NAME}";
				PROVISIONING_PROFILE_SPECIFIER = wkext_prof;
				SDKROOT = watchos;
				SKIP_INSTALL = YES;
				SWIFT_EMIT_LOC_STRINGS = YES;
				SWIFT_VERSION = 5.0;
				TARGETED_DEVICE_FAMILY = 4;
				WATCHOS_DEPLOYMENT_TARGET = 7.0;
			};
			name = Release;
		};
		A6ADC0B2282964640082110B /* Debug */ = {
			isa = XCBuildConfiguration;
			buildSettings = {
				ALWAYS_EMBED_SWIFT_STANDARD_LIBRARIES = YES;
				ASSETCATALOG_COMPILER_APPICON_NAME = AppIcon;
				ASSETCATALOG_COMPILER_GLOBAL_ACCENT_COLOR_NAME = AccentColor;
				CODE_SIGN_ENTITLEMENTS = "watchOSSample WatchKit App/watchOSSample WatchKit App.entitlements";
				CODE_SIGN_IDENTITY = "Apple Development";
				"CODE_SIGN_IDENTITY[sdk=*]" = "iPhone Developer";
				CODE_SIGN_STYLE = Manual;
				CURRENT_PROJECT_VERSION = 1;
				DEVELOPMENT_TEAM = PGJV57GD94;
				GENERATE_INFOPLIST_FILE = YES;
				IBSC_MODULE = watchOSSample_WatchKit_Extension;
				INFOPLIST_KEY_CFBundleDisplayName = "watchOSSample WatchKit App";
				INFOPLIST_KEY_UISupportedInterfaceOrientations = "UIInterfaceOrientationPortrait UIInterfaceOrientationPortraitUpsideDown";
				MARKETING_VERSION = 1.0;
				PRODUCT_BUNDLE_IDENTIFIER = com.urbanairship.richpush.watchkitapp;
				PRODUCT_NAME = "$(TARGET_NAME)";
				PROVISIONING_PROFILE_SPECIFIER = wkapp_prof;
				SDKROOT = watchos;
				SKIP_INSTALL = YES;
				SWIFT_EMIT_LOC_STRINGS = YES;
				SWIFT_VERSION = 5.0;
				TARGETED_DEVICE_FAMILY = 4;
				WATCHOS_DEPLOYMENT_TARGET = 7.0;
			};
			name = Debug;
		};
		A6ADC0B3282964640082110B /* Release */ = {
			isa = XCBuildConfiguration;
			buildSettings = {
				ALWAYS_EMBED_SWIFT_STANDARD_LIBRARIES = YES;
				ASSETCATALOG_COMPILER_APPICON_NAME = AppIcon;
				ASSETCATALOG_COMPILER_GLOBAL_ACCENT_COLOR_NAME = AccentColor;
				CODE_SIGN_ENTITLEMENTS = "watchOSSample WatchKit App/watchOSSample WatchKit App.entitlements";
				CODE_SIGN_IDENTITY = "Apple Development";
				"CODE_SIGN_IDENTITY[sdk=*]" = "iPhone Developer";
				CODE_SIGN_STYLE = Manual;
				CURRENT_PROJECT_VERSION = 1;
				DEVELOPMENT_TEAM = PGJV57GD94;
				GENERATE_INFOPLIST_FILE = YES;
				IBSC_MODULE = watchOSSample_WatchKit_Extension;
				INFOPLIST_KEY_CFBundleDisplayName = "watchOSSample WatchKit App";
				INFOPLIST_KEY_UISupportedInterfaceOrientations = "UIInterfaceOrientationPortrait UIInterfaceOrientationPortraitUpsideDown";
				MARKETING_VERSION = 1.0;
				PRODUCT_BUNDLE_IDENTIFIER = com.urbanairship.richpush.watchkitapp;
				PRODUCT_NAME = "$(TARGET_NAME)";
				PROVISIONING_PROFILE_SPECIFIER = wkapp_prof;
				SDKROOT = watchos;
				SKIP_INSTALL = YES;
				SWIFT_EMIT_LOC_STRINGS = YES;
				SWIFT_VERSION = 5.0;
				TARGETED_DEVICE_FAMILY = 4;
				WATCHOS_DEPLOYMENT_TARGET = 7.0;
			};
			name = Release;
		};
		A6ADC0B6282964640082110B /* Debug */ = {
			isa = XCBuildConfiguration;
			buildSettings = {
				CODE_SIGN_IDENTITY = "Apple Development";
				"CODE_SIGN_IDENTITY[sdk=*]" = "iPhone Developer";
				CODE_SIGN_STYLE = Automatic;
				CURRENT_PROJECT_VERSION = 1;
				DEVELOPMENT_TEAM = PGJV57GD94;
				MARKETING_VERSION = 1.0;
				PRODUCT_BUNDLE_IDENTIFIER = com.urbanairship.richpush;
				PRODUCT_NAME = "$(TARGET_NAME)";
				PROVISIONING_PROFILE_SPECIFIER = "";
				SDKROOT = iphoneos;
				SWIFT_VERSION = 5.0;
			};
			name = Debug;
		};
		A6ADC0B7282964640082110B /* Release */ = {
			isa = XCBuildConfiguration;
			buildSettings = {
				"CODE_SIGN_IDENTITY[sdk=*]" = "iPhone Developer";
				CODE_SIGN_STYLE = Automatic;
				CURRENT_PROJECT_VERSION = 1;
				DEVELOPMENT_TEAM = PGJV57GD94;
				MARKETING_VERSION = 1.0;
				PRODUCT_BUNDLE_IDENTIFIER = com.urbanairship.richpush;
				PRODUCT_NAME = "$(TARGET_NAME)";
				SDKROOT = iphoneos;
				SWIFT_VERSION = 5.0;
			};
			name = Release;
		};
/* End XCBuildConfiguration section */

/* Begin XCConfigurationList section */
		A6ADC06F2829645F0082110B /* Build configuration list for PBXProject "watchOSSample" */ = {
			isa = XCConfigurationList;
			buildConfigurations = (
				A6ADC0AB282964640082110B /* Debug */,
				A6ADC0AC282964640082110B /* Release */,
			);
			defaultConfigurationIsVisible = 0;
			defaultConfigurationName = Release;
		};
		A6ADC0AD282964640082110B /* Build configuration list for PBXNativeTarget "watchOSSample WatchKit Extension" */ = {
			isa = XCConfigurationList;
			buildConfigurations = (
				A6ADC0AE282964640082110B /* Debug */,
				A6ADC0AF282964640082110B /* Release */,
			);
			defaultConfigurationIsVisible = 0;
			defaultConfigurationName = Release;
		};
		A6ADC0B1282964640082110B /* Build configuration list for PBXNativeTarget "watchOSSample WatchKit App" */ = {
			isa = XCConfigurationList;
			buildConfigurations = (
				A6ADC0B2282964640082110B /* Debug */,
				A6ADC0B3282964640082110B /* Release */,
			);
			defaultConfigurationIsVisible = 0;
			defaultConfigurationName = Release;
		};
		A6ADC0B5282964640082110B /* Build configuration list for PBXNativeTarget "watchOSSample" */ = {
			isa = XCConfigurationList;
			buildConfigurations = (
				A6ADC0B6282964640082110B /* Debug */,
				A6ADC0B7282964640082110B /* Release */,
			);
			defaultConfigurationIsVisible = 0;
			defaultConfigurationName = Release;
		};
/* End XCConfigurationList section */
	};
	rootObject = A6ADC06C2829645F0082110B /* Project object */;
}
