{
  "originHash" : "15f70542934037e26c0fb164e8d9c1cad34f07aec670e7536cfde8fc58e7d90f",
  "pins" : [
    {
      "identity" : "yams",
      "kind" : "remoteSourceControl",
      "location" : "https://github.com/jpsim/Yams.git",
      "state" : {
        "revision" : "d41ba4e7164c0838c6d48351f7575f7f762151fe",
        "version" : "6.1.0"
      }
    }
  ],
  "version" : 3
}
